
Microsoft Visual Studio Solution File, Format Version 12.00
# Visual Studio 14
VisualStudioVersion = 14.0.25420.1
MinimumVisualStudioVersion = 10.0.40219.1
Project("{FAE04EC0-301F-11D3-BF4B-00C04F79EFBC}") = "HelloWorldWebApp", "HelloWorldWebApp\HelloWorldWebApp.csproj", "{754D1E8C-27D9-427F-88D0-0A07DDD8600D}"
EndProject
Project("{FAE04EC0-301F-11D3-BF4B-00C04F79EFBC}") = "HelloWorldWebApp.Tests", "HelloWorldWebApp.Tests\HelloWorldWebApp.Tests.csproj", "{C2BDC2BC-CB85-431E-9125-FD0B5F317FE4}"
EndProject
Global
	GlobalSection(SolutionConfigurationPlatforms) = preSolution
		Debug|Any CPU = Debug|Any CPU
		Release|Any CPU = Release|Any CPU
	EndGlobalSection
	GlobalSection(ProjectConfigurationPlatforms) = postSolution
		{754D1E8C-27D9-427F-88D0-0A07DDD8600D}.Debug|Any CPU.ActiveCfg = Debug|Any CPU
		{754D1E8C-27D9-427F-88D0-0A07DDD8600D}.Debug|Any CPU.Build.0 = Debug|Any CPU
		{754D1E8C-27D9-427F-88D0-0A07DDD8600D}.Release|Any CPU.ActiveCfg = Release|Any CPU
		{754D1E8C-27D9-427F-88D0-0A07DDD8600D}.Release|Any CPU.Build.0 = Release|Any CPU
		{C2BDC2BC-CB85-431E-9125-FD0B5F317FE4}.Debug|Any CPU.ActiveCfg = Debug|Any CPU
		{C2BDC2BC-CB85-431E-9125-FD0B5F317FE4}.Debug|Any CPU.Build.0 = Debug|Any CPU
		{C2BDC2BC-CB85-431E-9125-FD0B5F317FE4}.Release|Any CPU.ActiveCfg = Release|Any CPU
		{C2BDC2BC-CB85-431E-9125-FD0B5F317FE4}.Release|Any CPU.Build.0 = Release|Any CPU
	EndGlobalSection
	GlobalSection(SolutionProperties) = preSolution
		HideSolutionNode = FALSE
	EndGlobalSection
EndGlobal
